
Microsoft Visual Studio Solution File, Format Version 12.00
# Visual Studio Version 17
VisualStudioVersion = 17.11.35111.106
MinimumVisualStudioVersion = 10.0.40219.1
Project("{FAE04EC0-301F-11D3-BF4B-00C04F79EFBC}") = "WebApplication4", "WebApplication4.csproj", "{1341A64D-7539-4605-BE30-EF27527A9713}"
EndProject
Global
	GlobalSection(SolutionConfigurationPlatforms) = preSolution
		Debug|Any CPU = Debug|Any CPU
		Release|Any CPU = Release|Any CPU
	EndGlobalSection
	GlobalSection(ProjectConfigurationPlatforms) = postSolution
		{1341A64D-7539-4605-BE30-EF27527A9713}.Debug|Any CPU.ActiveCfg = Debug|Any CPU
		{1341A64D-7539-4605-BE30-EF27527A9713}.Debug|Any CPU.Build.0 = Debug|Any CPU
		{1341A64D-7539-4605-BE30-EF27527A9713}.Release|Any CPU.ActiveCfg = Release|Any CPU
		{1341A64D-7539-4605-BE30-EF27527A9713}.Release|Any CPU.Build.0 = Release|Any CPU
	EndGlobalSection
	GlobalSection(SolutionProperties) = preSolution
		HideSolutionNode = FALSE
	EndGlobalSection
	GlobalSection(ExtensibilityGlobals) = postSolution
		SolutionGuid = {BA27DF99-8D90-48CF-8A90-A1A5EDABF952}
	EndGlobalSection
EndGlobal
