
Microsoft Visual Studio Solution File, Format Version 12.00
# Visual Studio Version 17
VisualStudioVersion = 17.11.35111.106
MinimumVisualStudioVersion = 10.0.40219.1
Project("{9A19103F-16F7-4668-BE54-9A1E7A4F7556}") = "APIBanco.API", "APIBanco.API.csproj", "{3CCD43B9-72A0-42CC-86A0-0B59E85079CB}"
EndProject
Project("{9A19103F-16F7-4668-BE54-9A1E7A4F7556}") = "APIBanco.Domain", "..\APIBanco.Domain\APIBanco.Domain.csproj", "{C808D9D1-9D89-496A-9433-0575292771ED}"
EndProject
Project("{9A19103F-16F7-4668-BE54-9A1E7A4F7556}") = "APIBanco.Middlewares", "..\APIBanco.Middlewares\APIBanco.Middlewares.csproj", "{78F558BC-81F4-49A9-9391-04B22A078E94}"
EndProject
Project("{9A19103F-16F7-4668-BE54-9A1E7A4F7556}") = "APIBanco.InfraEstrutura", "..\APIBanco.InfraEstrutura\APIBanco.InfraEstrutura.csproj", "{E83807BD-5457-4154-B8B5-A3892FE24C85}"
EndProject
Project("{FAE04EC0-301F-11D3-BF4B-00C04F79EFBC}") = "APIBanco.Core", "..\APIBanco.Core\APIBanco.Core.csproj", "{45B4EAFE-3240-4A08-8EB7-E52833CDA4A3}"
EndProject
Global
	GlobalSection(SolutionConfigurationPlatforms) = preSolution
		Debug|Any CPU = Debug|Any CPU
		Release|Any CPU = Release|Any CPU
	EndGlobalSection
	GlobalSection(ProjectConfigurationPlatforms) = postSolution
		{3CCD43B9-72A0-42CC-86A0-0B59E85079CB}.Debug|Any CPU.ActiveCfg = Debug|Any CPU
		{3CCD43B9-72A0-42CC-86A0-0B59E85079CB}.Debug|Any CPU.Build.0 = Debug|Any CPU
		{3CCD43B9-72A0-42CC-86A0-0B59E85079CB}.Release|Any CPU.ActiveCfg = Release|Any CPU
		{3CCD43B9-72A0-42CC-86A0-0B59E85079CB}.Release|Any CPU.Build.0 = Release|Any CPU
		{C808D9D1-9D89-496A-9433-0575292771ED}.Debug|Any CPU.ActiveCfg = Debug|Any CPU
		{C808D9D1-9D89-496A-9433-0575292771ED}.Debug|Any CPU.Build.0 = Debug|Any CPU
		{C808D9D1-9D89-496A-9433-0575292771ED}.Release|Any CPU.ActiveCfg = Release|Any CPU
		{C808D9D1-9D89-496A-9433-0575292771ED}.Release|Any CPU.Build.0 = Release|Any CPU
		{78F558BC-81F4-49A9-9391-04B22A078E94}.Debug|Any CPU.ActiveCfg = Debug|Any CPU
		{78F558BC-81F4-49A9-9391-04B22A078E94}.Debug|Any CPU.Build.0 = Debug|Any CPU
		{78F558BC-81F4-49A9-9391-04B22A078E94}.Release|Any CPU.ActiveCfg = Release|Any CPU
		{78F558BC-81F4-49A9-9391-04B22A078E94}.Release|Any CPU.Build.0 = Release|Any CPU
		{E83807BD-5457-4154-B8B5-A3892FE24C85}.Debug|Any CPU.ActiveCfg = Debug|Any CPU
		{E83807BD-5457-4154-B8B5-A3892FE24C85}.Debug|Any CPU.Build.0 = Debug|Any CPU
		{E83807BD-5457-4154-B8B5-A3892FE24C85}.Release|Any CPU.ActiveCfg = Release|Any CPU
		{E83807BD-5457-4154-B8B5-A3892FE24C85}.Release|Any CPU.Build.0 = Release|Any CPU
		{45B4EAFE-3240-4A08-8EB7-E52833CDA4A3}.Debug|Any CPU.ActiveCfg = Debug|Any CPU
		{45B4EAFE-3240-4A08-8EB7-E52833CDA4A3}.Debug|Any CPU.Build.0 = Debug|Any CPU
		{45B4EAFE-3240-4A08-8EB7-E52833CDA4A3}.Release|Any CPU.ActiveCfg = Release|Any CPU
		{45B4EAFE-3240-4A08-8EB7-E52833CDA4A3}.Release|Any CPU.Build.0 = Release|Any CPU
	EndGlobalSection
	GlobalSection(SolutionProperties) = preSolution
		HideSolutionNode = FALSE
	EndGlobalSection
	GlobalSection(ExtensibilityGlobals) = postSolution
		SolutionGuid = {CEDAFF02-F22C-43F6-BD9C-9B238EB19D7E}
	EndGlobalSection
EndGlobal
